
Microsoft Visual Studio Solution File, Format Version 12.00
# Visual Studio Version 17
VisualStudioVersion = 17.4.33403.182
MinimumVisualStudioVersion = 10.0.40219.1
Project("{9A19103F-16F7-4668-BE54-9A1E7A4F7556}") = "consoleprogramming", "consoleprogramming\consoleprogramming.csproj", "{038B61F5-3519-4285-9CE4-6B0F253BBC6A}"
EndProject
Project("{9A19103F-16F7-4668-BE54-9A1E7A4F7556}") = "Variables", "Variables\Variables.csproj", "{40355AC6-896D-471C-84E9-4CE2E6699A24}"
EndProject
Project("{9A19103F-16F7-4668-BE54-9A1E7A4F7556}") = "Operators", "Operators\Operators.csproj", "{5B66C7AE-56CF-4E50-BD8C-78C0B2A62D73}"
EndProject
Project("{9A19103F-16F7-4668-BE54-9A1E7A4F7556}") = "TypeConversions", "TypeConversions\TypeConversions.csproj", "{F29C75FE-41FB-4796-9794-FC6932E2F46F}"
EndProject
Project("{9A19103F-16F7-4668-BE54-9A1E7A4F7556}") = "TryCatch", "TryCatch\TryCatch.csproj", "{ACD908D3-CF76-4175-9E2C-8B081D2C8567}"
EndProject
Project("{9A19103F-16F7-4668-BE54-9A1E7A4F7556}") = "IfElseTernary", "IfElseTernary\IfElseTernary.csproj", "{0CD6B0CA-56AA-4968-BA95-C676327FC155}"
EndProject
Project("{9A19103F-16F7-4668-BE54-9A1E7A4F7556}") = "SwitchCase", "SwitchCase\SwitchCase.csproj", "{934B44DA-B8B0-4A35-A288-9D27698BFAC8}"
EndProject
Project("{9A19103F-16F7-4668-BE54-9A1E7A4F7556}") = "ForLoopBreakContinue", "ForLoopBreakContinue\ForLoopBreakContinue.csproj", "{A36D5799-98B2-482C-9B0D-C07EBD9D806D}"
EndProject
Project("{9A19103F-16F7-4668-BE54-9A1E7A4F7556}") = "WhileForeach", "WhileForeach\WhileForeach.csproj", "{5530A056-EE2D-456E-B8D2-A13CA116E59D}"
EndProject
Project("{9A19103F-16F7-4668-BE54-9A1E7A4F7556}") = "Arrays", "Arrays\Arrays.csproj", "{CAEC5ED5-7991-4C44-9181-E7AE1FF994E0}"
EndProject
Project("{9A19103F-16F7-4668-BE54-9A1E7A4F7556}") = "ArrayMethods", "ArrayMethods\ArrayMethods.csproj", "{DE5BB51B-8086-4479-A1B0-484F6CEF883E}"
EndProject
Project("{9A19103F-16F7-4668-BE54-9A1E7A4F7556}") = "Methods", "Methods\Methods.csproj", "{2AB3677A-85D8-4385-A5C4-D32C4FA0A21C}"
EndProject
Project("{9A19103F-16F7-4668-BE54-9A1E7A4F7556}") = "MethodOverloading", "MethodOverloading\MethodOverloading.csproj", "{8C1F819B-13F2-4BF2-A19C-E2E5C365D4DA}"
EndProject
Project("{9A19103F-16F7-4668-BE54-9A1E7A4F7556}") = "RecursiveExtensionMethods", "RecursiveExtensionMethods\RecursiveExtensionMethods.csproj", "{11D6FB8E-4C6F-445F-91B6-853105F29B07}"
EndProject
Project("{9A19103F-16F7-4668-BE54-9A1E7A4F7556}") = "AlgorithmQuestionsHomework", "AlgorithmQuestionsHomework\AlgorithmQuestionsHomework.csproj", "{2D2C9425-5CF7-4A60-9DBA-8D96D0ADD99C}"
EndProject
Project("{9A19103F-16F7-4668-BE54-9A1E7A4F7556}") = "StringMethods", "StringMethods\StringMethods.csproj", "{7A73CA95-0CD8-4F17-A970-DB1BF63AD637}"
EndProject
Project("{9A19103F-16F7-4668-BE54-9A1E7A4F7556}") = "DatetimeAndMath", "DatetimeAndMath\DatetimeAndMath.csproj", "{A8457244-77F1-434E-A399-3B95E05E17C8}"
EndProject
Project("{9A19103F-16F7-4668-BE54-9A1E7A4F7556}") = "GenericList", "GenericList\GenericList.csproj", "{799F3938-EA8C-4063-8D2B-7EE18B7CA286}"
EndProject
Project("{9A19103F-16F7-4668-BE54-9A1E7A4F7556}") = "ArrayList", "ArrayList\ArrayList.csproj", "{2D3DCBDB-5DCC-4B15-BE7C-76194CDA3327}"
EndProject
Project("{9A19103F-16F7-4668-BE54-9A1E7A4F7556}") = "Dictionary", "Dictionary\Dictionary.csproj", "{DF5168BA-E185-4153-B7B3-F2CF3EF54EFF}"
EndProject
Project("{9A19103F-16F7-4668-BE54-9A1E7A4F7556}") = "Classes", "Classes\Classes.csproj", "{EF28AA4E-D4F4-443E-80D5-BF1532F9FE24}"
EndProject
Project("{9A19103F-16F7-4668-BE54-9A1E7A4F7556}") = "ConstructorMethod", "ConstructorMethod\ConstructorMethod.csproj", "{474096BB-F233-4D6E-84F7-439EF6B74F09}"
EndProject
Project("{9A19103F-16F7-4668-BE54-9A1E7A4F7556}") = "Encapsulation", "Encapsulation\Encapsulation.csproj", "{F183830A-8DE8-4050-A1B0-ABCA95007A6E}"
EndProject
Project("{9A19103F-16F7-4668-BE54-9A1E7A4F7556}") = "StaticClassesAndMembers", "StaticClassesAndMembers\StaticClassesAndMembers.csproj", "{0998A12C-5079-4AD2-A6A5-41F9E25D933A}"
EndProject
Project("{9A19103F-16F7-4668-BE54-9A1E7A4F7556}") = "Struct", "Struct\Struct.csproj", "{944412AF-7D98-4BA8-B1C2-EE3F97B68B17}"
EndProject
Project("{9A19103F-16F7-4668-BE54-9A1E7A4F7556}") = "Enum", "Enum\Enum.csproj", "{C892E3F3-E412-4140-BA8D-3789EBE3A351}"
EndProject
Project("{9A19103F-16F7-4668-BE54-9A1E7A4F7556}") = "Inheritance", "Inheritance\Inheritance.csproj", "{C7232A48-7E98-467C-AAA9-D65820E1CC5C}"
EndProject
Project("{FAE04EC0-301F-11D3-BF4B-00C04F79EFBC}") = "PolymorphismAndSealedClass", "PolymorphismAndSealedClass\PolymorphismAndSealedClass.csproj", "{47E2D4FC-3DC6-4212-9059-ECDFEE2004DF}"
EndProject
Global
	GlobalSection(SolutionConfigurationPlatforms) = preSolution
		Debug|Any CPU = Debug|Any CPU
		Release|Any CPU = Release|Any CPU
	EndGlobalSection
	GlobalSection(ProjectConfigurationPlatforms) = postSolution
		{038B61F5-3519-4285-9CE4-6B0F253BBC6A}.Debug|Any CPU.ActiveCfg = Debug|Any CPU
		{038B61F5-3519-4285-9CE4-6B0F253BBC6A}.Debug|Any CPU.Build.0 = Debug|Any CPU
		{038B61F5-3519-4285-9CE4-6B0F253BBC6A}.Release|Any CPU.ActiveCfg = Release|Any CPU
		{038B61F5-3519-4285-9CE4-6B0F253BBC6A}.Release|Any CPU.Build.0 = Release|Any CPU
		{40355AC6-896D-471C-84E9-4CE2E6699A24}.Debug|Any CPU.ActiveCfg = Debug|Any CPU
		{40355AC6-896D-471C-84E9-4CE2E6699A24}.Debug|Any CPU.Build.0 = Debug|Any CPU
		{40355AC6-896D-471C-84E9-4CE2E6699A24}.Release|Any CPU.ActiveCfg = Release|Any CPU
		{40355AC6-896D-471C-84E9-4CE2E6699A24}.Release|Any CPU.Build.0 = Release|Any CPU
		{5B66C7AE-56CF-4E50-BD8C-78C0B2A62D73}.Debug|Any CPU.ActiveCfg = Debug|Any CPU
		{5B66C7AE-56CF-4E50-BD8C-78C0B2A62D73}.Debug|Any CPU.Build.0 = Debug|Any CPU
		{5B66C7AE-56CF-4E50-BD8C-78C0B2A62D73}.Release|Any CPU.ActiveCfg = Release|Any CPU
		{5B66C7AE-56CF-4E50-BD8C-78C0B2A62D73}.Release|Any CPU.Build.0 = Release|Any CPU
		{F29C75FE-41FB-4796-9794-FC6932E2F46F}.Debug|Any CPU.ActiveCfg = Debug|Any CPU
		{F29C75FE-41FB-4796-9794-FC6932E2F46F}.Debug|Any CPU.Build.0 = Debug|Any CPU
		{F29C75FE-41FB-4796-9794-FC6932E2F46F}.Release|Any CPU.ActiveCfg = Release|Any CPU
		{F29C75FE-41FB-4796-9794-FC6932E2F46F}.Release|Any CPU.Build.0 = Release|Any CPU
		{ACD908D3-CF76-4175-9E2C-8B081D2C8567}.Debug|Any CPU.ActiveCfg = Debug|Any CPU
		{ACD908D3-CF76-4175-9E2C-8B081D2C8567}.Debug|Any CPU.Build.0 = Debug|Any CPU
		{ACD908D3-CF76-4175-9E2C-8B081D2C8567}.Release|Any CPU.ActiveCfg = Release|Any CPU
		{ACD908D3-CF76-4175-9E2C-8B081D2C8567}.Release|Any CPU.Build.0 = Release|Any CPU
		{0CD6B0CA-56AA-4968-BA95-C676327FC155}.Debug|Any CPU.ActiveCfg = Debug|Any CPU
		{0CD6B0CA-56AA-4968-BA95-C676327FC155}.Debug|Any CPU.Build.0 = Debug|Any CPU
		{0CD6B0CA-56AA-4968-BA95-C676327FC155}.Release|Any CPU.ActiveCfg = Release|Any CPU
		{0CD6B0CA-56AA-4968-BA95-C676327FC155}.Release|Any CPU.Build.0 = Release|Any CPU
		{934B44DA-B8B0-4A35-A288-9D27698BFAC8}.Debug|Any CPU.ActiveCfg = Debug|Any CPU
		{934B44DA-B8B0-4A35-A288-9D27698BFAC8}.Debug|Any CPU.Build.0 = Debug|Any CPU
		{934B44DA-B8B0-4A35-A288-9D27698BFAC8}.Release|Any CPU.ActiveCfg = Release|Any CPU
		{934B44DA-B8B0-4A35-A288-9D27698BFAC8}.Release|Any CPU.Build.0 = Release|Any CPU
		{A36D5799-98B2-482C-9B0D-C07EBD9D806D}.Debug|Any CPU.ActiveCfg = Debug|Any CPU
		{A36D5799-98B2-482C-9B0D-C07EBD9D806D}.Debug|Any CPU.Build.0 = Debug|Any CPU
		{A36D5799-98B2-482C-9B0D-C07EBD9D806D}.Release|Any CPU.ActiveCfg = Release|Any CPU
		{A36D5799-98B2-482C-9B0D-C07EBD9D806D}.Release|Any CPU.Build.0 = Release|Any CPU
		{5530A056-EE2D-456E-B8D2-A13CA116E59D}.Debug|Any CPU.ActiveCfg = Debug|Any CPU
		{5530A056-EE2D-456E-B8D2-A13CA116E59D}.Debug|Any CPU.Build.0 = Debug|Any CPU
		{5530A056-EE2D-456E-B8D2-A13CA116E59D}.Release|Any CPU.ActiveCfg = Release|Any CPU
		{5530A056-EE2D-456E-B8D2-A13CA116E59D}.Release|Any CPU.Build.0 = Release|Any CPU
		{CAEC5ED5-7991-4C44-9181-E7AE1FF994E0}.Debug|Any CPU.ActiveCfg = Debug|Any CPU
		{CAEC5ED5-7991-4C44-9181-E7AE1FF994E0}.Debug|Any CPU.Build.0 = Debug|Any CPU
		{CAEC5ED5-7991-4C44-9181-E7AE1FF994E0}.Release|Any CPU.ActiveCfg = Release|Any CPU
		{CAEC5ED5-7991-4C44-9181-E7AE1FF994E0}.Release|Any CPU.Build.0 = Release|Any CPU
		{DE5BB51B-8086-4479-A1B0-484F6CEF883E}.Debug|Any CPU.ActiveCfg = Debug|Any CPU
		{DE5BB51B-8086-4479-A1B0-484F6CEF883E}.Debug|Any CPU.Build.0 = Debug|Any CPU
		{DE5BB51B-8086-4479-A1B0-484F6CEF883E}.Release|Any CPU.ActiveCfg = Release|Any CPU
		{DE5BB51B-8086-4479-A1B0-484F6CEF883E}.Release|Any CPU.Build.0 = Release|Any CPU
		{2AB3677A-85D8-4385-A5C4-D32C4FA0A21C}.Debug|Any CPU.ActiveCfg = Debug|Any CPU
		{2AB3677A-85D8-4385-A5C4-D32C4FA0A21C}.Debug|Any CPU.Build.0 = Debug|Any CPU
		{2AB3677A-85D8-4385-A5C4-D32C4FA0A21C}.Release|Any CPU.ActiveCfg = Release|Any CPU
		{2AB3677A-85D8-4385-A5C4-D32C4FA0A21C}.Release|Any CPU.Build.0 = Release|Any CPU
		{8C1F819B-13F2-4BF2-A19C-E2E5C365D4DA}.Debug|Any CPU.ActiveCfg = Debug|Any CPU
		{8C1F819B-13F2-4BF2-A19C-E2E5C365D4DA}.Debug|Any CPU.Build.0 = Debug|Any CPU
		{8C1F819B-13F2-4BF2-A19C-E2E5C365D4DA}.Release|Any CPU.ActiveCfg = Release|Any CPU
		{8C1F819B-13F2-4BF2-A19C-E2E5C365D4DA}.Release|Any CPU.Build.0 = Release|Any CPU
		{11D6FB8E-4C6F-445F-91B6-853105F29B07}.Debug|Any CPU.ActiveCfg = Debug|Any CPU
		{11D6FB8E-4C6F-445F-91B6-853105F29B07}.Debug|Any CPU.Build.0 = Debug|Any CPU
		{11D6FB8E-4C6F-445F-91B6-853105F29B07}.Release|Any CPU.ActiveCfg = Release|Any CPU
		{11D6FB8E-4C6F-445F-91B6-853105F29B07}.Release|Any CPU.Build.0 = Release|Any CPU
		{2D2C9425-5CF7-4A60-9DBA-8D96D0ADD99C}.Debug|Any CPU.ActiveCfg = Debug|Any CPU
		{2D2C9425-5CF7-4A60-9DBA-8D96D0ADD99C}.Debug|Any CPU.Build.0 = Debug|Any CPU
		{2D2C9425-5CF7-4A60-9DBA-8D96D0ADD99C}.Release|Any CPU.ActiveCfg = Release|Any CPU
		{2D2C9425-5CF7-4A60-9DBA-8D96D0ADD99C}.Release|Any CPU.Build.0 = Release|Any CPU
		{7A73CA95-0CD8-4F17-A970-DB1BF63AD637}.Debug|Any CPU.ActiveCfg = Debug|Any CPU
		{7A73CA95-0CD8-4F17-A970-DB1BF63AD637}.Debug|Any CPU.Build.0 = Debug|Any CPU
		{7A73CA95-0CD8-4F17-A970-DB1BF63AD637}.Release|Any CPU.ActiveCfg = Release|Any CPU
		{7A73CA95-0CD8-4F17-A970-DB1BF63AD637}.Release|Any CPU.Build.0 = Release|Any CPU
		{A8457244-77F1-434E-A399-3B95E05E17C8}.Debug|Any CPU.ActiveCfg = Debug|Any CPU
		{A8457244-77F1-434E-A399-3B95E05E17C8}.Debug|Any CPU.Build.0 = Debug|Any CPU
		{A8457244-77F1-434E-A399-3B95E05E17C8}.Release|Any CPU.ActiveCfg = Release|Any CPU
		{A8457244-77F1-434E-A399-3B95E05E17C8}.Release|Any CPU.Build.0 = Release|Any CPU
		{799F3938-EA8C-4063-8D2B-7EE18B7CA286}.Debug|Any CPU.ActiveCfg = Debug|Any CPU
		{799F3938-EA8C-4063-8D2B-7EE18B7CA286}.Debug|Any CPU.Build.0 = Debug|Any CPU
		{799F3938-EA8C-4063-8D2B-7EE18B7CA286}.Release|Any CPU.ActiveCfg = Release|Any CPU
		{799F3938-EA8C-4063-8D2B-7EE18B7CA286}.Release|Any CPU.Build.0 = Release|Any CPU
		{2D3DCBDB-5DCC-4B15-BE7C-76194CDA3327}.Debug|Any CPU.ActiveCfg = Debug|Any CPU
		{2D3DCBDB-5DCC-4B15-BE7C-76194CDA3327}.Debug|Any CPU.Build.0 = Debug|Any CPU
		{2D3DCBDB-5DCC-4B15-BE7C-76194CDA3327}.Release|Any CPU.ActiveCfg = Release|Any CPU
		{2D3DCBDB-5DCC-4B15-BE7C-76194CDA3327}.Release|Any CPU.Build.0 = Release|Any CPU
		{DF5168BA-E185-4153-B7B3-F2CF3EF54EFF}.Debug|Any CPU.ActiveCfg = Debug|Any CPU
		{DF5168BA-E185-4153-B7B3-F2CF3EF54EFF}.Debug|Any CPU.Build.0 = Debug|Any CPU
		{DF5168BA-E185-4153-B7B3-F2CF3EF54EFF}.Release|Any CPU.ActiveCfg = Release|Any CPU
		{DF5168BA-E185-4153-B7B3-F2CF3EF54EFF}.Release|Any CPU.Build.0 = Release|Any CPU
		{EF28AA4E-D4F4-443E-80D5-BF1532F9FE24}.Debug|Any CPU.ActiveCfg = Debug|Any CPU
		{EF28AA4E-D4F4-443E-80D5-BF1532F9FE24}.Debug|Any CPU.Build.0 = Debug|Any CPU
		{EF28AA4E-D4F4-443E-80D5-BF1532F9FE24}.Release|Any CPU.ActiveCfg = Release|Any CPU
		{EF28AA4E-D4F4-443E-80D5-BF1532F9FE24}.Release|Any CPU.Build.0 = Release|Any CPU
		{474096BB-F233-4D6E-84F7-439EF6B74F09}.Debug|Any CPU.ActiveCfg = Debug|Any CPU
		{474096BB-F233-4D6E-84F7-439EF6B74F09}.Debug|Any CPU.Build.0 = Debug|Any CPU
		{474096BB-F233-4D6E-84F7-439EF6B74F09}.Release|Any CPU.ActiveCfg = Release|Any CPU
		{474096BB-F233-4D6E-84F7-439EF6B74F09}.Release|Any CPU.Build.0 = Release|Any CPU
		{F183830A-8DE8-4050-A1B0-ABCA95007A6E}.Debug|Any CPU.ActiveCfg = Debug|Any CPU
		{F183830A-8DE8-4050-A1B0-ABCA95007A6E}.Debug|Any CPU.Build.0 = Debug|Any CPU
		{F183830A-8DE8-4050-A1B0-ABCA95007A6E}.Release|Any CPU.ActiveCfg = Release|Any CPU
		{F183830A-8DE8-4050-A1B0-ABCA95007A6E}.Release|Any CPU.Build.0 = Release|Any CPU
		{0998A12C-5079-4AD2-A6A5-41F9E25D933A}.Debug|Any CPU.ActiveCfg = Debug|Any CPU
		{0998A12C-5079-4AD2-A6A5-41F9E25D933A}.Debug|Any CPU.Build.0 = Debug|Any CPU
		{0998A12C-5079-4AD2-A6A5-41F9E25D933A}.Release|Any CPU.ActiveCfg = Release|Any CPU
		{0998A12C-5079-4AD2-A6A5-41F9E25D933A}.Release|Any CPU.Build.0 = Release|Any CPU
		{944412AF-7D98-4BA8-B1C2-EE3F97B68B17}.Debug|Any CPU.ActiveCfg = Debug|Any CPU
		{944412AF-7D98-4BA8-B1C2-EE3F97B68B17}.Debug|Any CPU.Build.0 = Debug|Any CPU
		{944412AF-7D98-4BA8-B1C2-EE3F97B68B17}.Release|Any CPU.ActiveCfg = Release|Any CPU
		{944412AF-7D98-4BA8-B1C2-EE3F97B68B17}.Release|Any CPU.Build.0 = Release|Any CPU
		{C892E3F3-E412-4140-BA8D-3789EBE3A351}.Debug|Any CPU.ActiveCfg = Debug|Any CPU
		{C892E3F3-E412-4140-BA8D-3789EBE3A351}.Debug|Any CPU.Build.0 = Debug|Any CPU
		{C892E3F3-E412-4140-BA8D-3789EBE3A351}.Release|Any CPU.ActiveCfg = Release|Any CPU
		{C892E3F3-E412-4140-BA8D-3789EBE3A351}.Release|Any CPU.Build.0 = Release|Any CPU
		{C7232A48-7E98-467C-AAA9-D65820E1CC5C}.Debug|Any CPU.ActiveCfg = Debug|Any CPU
		{C7232A48-7E98-467C-AAA9-D65820E1CC5C}.Debug|Any CPU.Build.0 = Debug|Any CPU
		{C7232A48-7E98-467C-AAA9-D65820E1CC5C}.Release|Any CPU.ActiveCfg = Release|Any CPU
		{C7232A48-7E98-467C-AAA9-D65820E1CC5C}.Release|Any CPU.Build.0 = Release|Any CPU
		{47E2D4FC-3DC6-4212-9059-ECDFEE2004DF}.Debug|Any CPU.ActiveCfg = Debug|Any CPU
		{47E2D4FC-3DC6-4212-9059-ECDFEE2004DF}.Debug|Any CPU.Build.0 = Debug|Any CPU
		{47E2D4FC-3DC6-4212-9059-ECDFEE2004DF}.Release|Any CPU.ActiveCfg = Release|Any CPU
		{47E2D4FC-3DC6-4212-9059-ECDFEE2004DF}.Release|Any CPU.Build.0 = Release|Any CPU
	EndGlobalSection
	GlobalSection(SolutionProperties) = preSolution
		HideSolutionNode = FALSE
	EndGlobalSection
	GlobalSection(ExtensibilityGlobals) = postSolution
		SolutionGuid = {4E406A03-7971-48FE-B75D-F30E4642D2AA}
	EndGlobalSection
EndGlobal
