
Microsoft Visual Studio Solution File, Format Version 12.00
# Visual Studio Version 17
VisualStudioVersion = 17.4.33403.182
MinimumVisualStudioVersion = 10.0.40219.1
Project("{9A19103F-16F7-4668-BE54-9A1E7A4F7556}") = "consoleprogramming", "consoleprogramming\consoleprogramming.csproj", "{038B61F5-3519-4285-9CE4-6B0F253BBC6A}"
EndProject
Project("{9A19103F-16F7-4668-BE54-9A1E7A4F7556}") = "Variables", "Variables\Variables.csproj", "{40355AC6-896D-471C-84E9-4CE2E6699A24}"
EndProject
Project("{9A19103F-16F7-4668-BE54-9A1E7A4F7556}") = "Operators", "Operators\Operators.csproj", "{5B66C7AE-56CF-4E50-BD8C-78C0B2A62D73}"
EndProject
Project("{9A19103F-16F7-4668-BE54-9A1E7A4F7556}") = "TypeConversions", "TypeConversions\TypeConversions.csproj", "{F29C75FE-41FB-4796-9794-FC6932E2F46F}"
EndProject
Project("{9A19103F-16F7-4668-BE54-9A1E7A4F7556}") = "TryCatch", "TryCatch\TryCatch.csproj", "{ACD908D3-CF76-4175-9E2C-8B081D2C8567}"
EndProject
Project("{FAE04EC0-301F-11D3-BF4B-00C04F79EFBC}") = "IfElseTernary", "IfElseTernary\IfElseTernary.csproj", "{0CD6B0CA-56AA-4968-BA95-C676327FC155}"
EndProject
Project("{FAE04EC0-301F-11D3-BF4B-00C04F79EFBC}") = "SwitchCase", "SwitchCase\SwitchCase.csproj", "{934B44DA-B8B0-4A35-A288-9D27698BFAC8}"
EndProject
Global
	GlobalSection(SolutionConfigurationPlatforms) = preSolution
		Debug|Any CPU = Debug|Any CPU
		Release|Any CPU = Release|Any CPU
	EndGlobalSection
	GlobalSection(ProjectConfigurationPlatforms) = postSolution
		{038B61F5-3519-4285-9CE4-6B0F253BBC6A}.Debug|Any CPU.ActiveCfg = Debug|Any CPU
		{038B61F5-3519-4285-9CE4-6B0F253BBC6A}.Debug|Any CPU.Build.0 = Debug|Any CPU
		{038B61F5-3519-4285-9CE4-6B0F253BBC6A}.Release|Any CPU.ActiveCfg = Release|Any CPU
		{038B61F5-3519-4285-9CE4-6B0F253BBC6A}.Release|Any CPU.Build.0 = Release|Any CPU
		{40355AC6-896D-471C-84E9-4CE2E6699A24}.Debug|Any CPU.ActiveCfg = Debug|Any CPU
		{40355AC6-896D-471C-84E9-4CE2E6699A24}.Debug|Any CPU.Build.0 = Debug|Any CPU
		{40355AC6-896D-471C-84E9-4CE2E6699A24}.Release|Any CPU.ActiveCfg = Release|Any CPU
		{40355AC6-896D-471C-84E9-4CE2E6699A24}.Release|Any CPU.Build.0 = Release|Any CPU
		{5B66C7AE-56CF-4E50-BD8C-78C0B2A62D73}.Debug|Any CPU.ActiveCfg = Debug|Any CPU
		{5B66C7AE-56CF-4E50-BD8C-78C0B2A62D73}.Debug|Any CPU.Build.0 = Debug|Any CPU
		{5B66C7AE-56CF-4E50-BD8C-78C0B2A62D73}.Release|Any CPU.ActiveCfg = Release|Any CPU
		{5B66C7AE-56CF-4E50-BD8C-78C0B2A62D73}.Release|Any CPU.Build.0 = Release|Any CPU
		{F29C75FE-41FB-4796-9794-FC6932E2F46F}.Debug|Any CPU.ActiveCfg = Debug|Any CPU
		{F29C75FE-41FB-4796-9794-FC6932E2F46F}.Debug|Any CPU.Build.0 = Debug|Any CPU
		{F29C75FE-41FB-4796-9794-FC6932E2F46F}.Release|Any CPU.ActiveCfg = Release|Any CPU
		{F29C75FE-41FB-4796-9794-FC6932E2F46F}.Release|Any CPU.Build.0 = Release|Any CPU
		{ACD908D3-CF76-4175-9E2C-8B081D2C8567}.Debug|Any CPU.ActiveCfg = Debug|Any CPU
		{ACD908D3-CF76-4175-9E2C-8B081D2C8567}.Debug|Any CPU.Build.0 = Debug|Any CPU
		{ACD908D3-CF76-4175-9E2C-8B081D2C8567}.Release|Any CPU.ActiveCfg = Release|Any CPU
		{ACD908D3-CF76-4175-9E2C-8B081D2C8567}.Release|Any CPU.Build.0 = Release|Any CPU
		{0CD6B0CA-56AA-4968-BA95-C676327FC155}.Debug|Any CPU.ActiveCfg = Debug|Any CPU
		{0CD6B0CA-56AA-4968-BA95-C676327FC155}.Debug|Any CPU.Build.0 = Debug|Any CPU
		{0CD6B0CA-56AA-4968-BA95-C676327FC155}.Release|Any CPU.ActiveCfg = Release|Any CPU
		{0CD6B0CA-56AA-4968-BA95-C676327FC155}.Release|Any CPU.Build.0 = Release|Any CPU
		{934B44DA-B8B0-4A35-A288-9D27698BFAC8}.Debug|Any CPU.ActiveCfg = Debug|Any CPU
		{934B44DA-B8B0-4A35-A288-9D27698BFAC8}.Debug|Any CPU.Build.0 = Debug|Any CPU
		{934B44DA-B8B0-4A35-A288-9D27698BFAC8}.Release|Any CPU.ActiveCfg = Release|Any CPU
		{934B44DA-B8B0-4A35-A288-9D27698BFAC8}.Release|Any CPU.Build.0 = Release|Any CPU
	EndGlobalSection
	GlobalSection(SolutionProperties) = preSolution
		HideSolutionNode = FALSE
	EndGlobalSection
	GlobalSection(ExtensibilityGlobals) = postSolution
		SolutionGuid = {4E406A03-7971-48FE-B75D-F30E4642D2AA}
	EndGlobalSection
EndGlobal
